
Microsoft Visual Studio Solution File, Format Version 12.00
# Visual Studio Version 16
VisualStudioVersion = 16.0.29306.81
MinimumVisualStudioVersion = 10.0.40219.1
Project("{888888A0-9F3D-457C-B088-3A5042F75D52}") = "PythonStuff001", "PythonStuff001.pyproj", "{3E0ED5A4-4834-461F-9D5C-C238CDD03A2B}"
EndProject
Global
	GlobalSection(SolutionConfigurationPlatforms) = preSolution
		Debug|Any CPU = Debug|Any CPU
		Release|Any CPU = Release|Any CPU
	EndGlobalSection
	GlobalSection(ProjectConfigurationPlatforms) = postSolution
		{3E0ED5A4-4834-461F-9D5C-C238CDD03A2B}.Debug|Any CPU.ActiveCfg = Debug|Any CPU
		{3E0ED5A4-4834-461F-9D5C-C238CDD03A2B}.Release|Any CPU.ActiveCfg = Release|Any CPU
	EndGlobalSection
	GlobalSection(SolutionProperties) = preSolution
		HideSolutionNode = FALSE
	EndGlobalSection
	GlobalSection(ExtensibilityGlobals) = postSolution
		SolutionGuid = {81B2951D-7B95-46EF-BC93-31DCB96B239C}
	EndGlobalSection
EndGlobal
